
Microsoft Visual Studio Solution File, Format Version 12.00
# Visual Studio 15
Project("{FAE04EC0-301F-11D3-BF4B-00C04F79EFBC}") = "Graph", "Graph\Graph.csproj", "{CB476108-658F-471E-897B-2C5D4134702E}"
EndProject
Global
	GlobalSection(SolutionConfigurationPlatforms) = preSolution
		Debug|Any CPU = Debug|Any CPU
		Release|Any CPU = Release|Any CPU
	EndGlobalSection
	GlobalSection(ProjectConfigurationPlatforms) = postSolution
		{CB476108-658F-471E-897B-2C5D4134702E}.Debug|Any CPU.ActiveCfg = Debug|Any CPU
		{CB476108-658F-471E-897B-2C5D4134702E}.Debug|Any CPU.Build.0 = Debug|Any CPU
		{CB476108-658F-471E-897B-2C5D4134702E}.Release|Any CPU.ActiveCfg = Release|Any CPU
		{CB476108-658F-471E-897B-2C5D4134702E}.Release|Any CPU.Build.0 = Release|Any CPU
	EndGlobalSection
EndGlobal
